
Microsoft Visual Studio Solution File, Format Version 12.00
# Visual Studio Version 17
VisualStudioVersion = 17.13.35931.197 d17.13
MinimumVisualStudioVersion = 10.0.40219.1
Project("{FAE04EC0-301F-11D3-BF4B-00C04F79EFBC}") = "fakeaimbot", "fakeaimbot.csproj", "{6ADB267C-4A40-4783-B3DC-95A17F3E3740}"
EndProject
Global
	GlobalSection(SolutionConfigurationPlatforms) = preSolution
		Debug|Any CPU = Debug|Any CPU
		Release|Any CPU = Release|Any CPU
	EndGlobalSection
	GlobalSection(ProjectConfigurationPlatforms) = postSolution
		{6ADB267C-4A40-4783-B3DC-95A17F3E3740}.Debug|Any CPU.ActiveCfg = Debug|Any CPU
		{6ADB267C-4A40-4783-B3DC-95A17F3E3740}.Debug|Any CPU.Build.0 = Debug|Any CPU
		{6ADB267C-4A40-4783-B3DC-95A17F3E3740}.Release|Any CPU.ActiveCfg = Release|Any CPU
		{6ADB267C-4A40-4783-B3DC-95A17F3E3740}.Release|Any CPU.Build.0 = Release|Any CPU
	EndGlobalSection
	GlobalSection(SolutionProperties) = preSolution
		HideSolutionNode = FALSE
	EndGlobalSection
	GlobalSection(ExtensibilityGlobals) = postSolution
		SolutionGuid = {B7F6A222-F34B-4955-9E1D-909CDD499357}
	EndGlobalSection
EndGlobal
